github.com/alitto/pond v1.5.1 h1:HwOA8M/QB8lpkqzj8lnCEvC+44lHbPrrD5qHaJ9HRYI=
github.com/alitto/pond v1.5.1/go.mod h1:LPLCPu5q4FAhvZsJB9OsNcXE+pUMu7lwf7fzPZH0HPs=
github.com/aws/aws-sdk-go-v2 v1.11.0 h1:HxyD62DyNhCfiFGUHqJ/xITD6rAjJ7Dm/2nLxLmO4Ag=
github.com/aws/aws-sdk-go-v2 v1.11.0/go.mod h1:SQfA+m2ltnu1cA0soUkj4dRSsmITiVQUJvBIZjzfPyQ=
github.com/aws/aws-sdk-go-v2/aws/protocol/eventstream v1.0.0 h1:yVUAwvJC/0WNPbyl0nA3j1L6CW1CN8wBubCRqtG7JLI=
github.com/aws/aws-sdk-go-v2/aws/protocol/eventstream v1.0.0/go.mod h1:Xn6sxgRuIDflLRJFj5Ev7UxABIkNbccFPV/p8itDReM=
github.com/aws/aws-sdk-go-v2/config v1.10.1 h1:z/ViqIjW6ZeuLWgTWMTSyZzaVWo/1cWeVf1Uu+RF01E=
github.com/aws/aws-sdk-go-v2/config v1.10.1/go.mod h1:auIv5pIIn3jIBHNRcVQcsczn6Pfa6Dyv80Fai0ueoJU=
github.com/aws/aws-sdk-go-v2/credentials v1.6.1 h1:A39JYth2fFCx+omN/gib/jIppx3rRnt2r7UKPq7Mh5Y=
github.com/aws/aws-sdk-go-v2/credentials v1.6.1/go.mod h1:QyvQk1IYTqBWSi1T6UgT/W8DMxBVa5pVuLFSRLLhGf8=
github.com/aws/aws-sdk-go-v2/feature/ec2/imds v1.8.0 h1:OpZjuUy8Jt3CA1WgJgBC5Bz+uOjE5Ppx4NFTRaooUuA=
github.com/aws/aws-sdk-go-v2/feature/ec2/imds v1.8.0/go.mod h1:5E1J3/TTYy6z909QNR0QnXGBpfESYGDqd3O0zqONghU=
github.com/aws/aws-sdk-go-v2/internal/configsources v1.1.0 h1:zY8cNmbBXt3pzjgWgdIbzpQ6qxoCwt+Nx9JbrAf2mbY=
github.com/aws/aws-sdk-go-v2/internal/configsources v1.1.0/go.mod h1:NO3Q5ZTTQtO2xIg2+xTXYDiT7knSejfeDm7WGDaOo0U=
github.com/aws/aws-sdk-go-v2/internal/endpoints/v2 v2.0.0 h1:Z3aR/OXBnkYK9zXkNkfitHX6SmUBzSsx8VMHbH4Lvhw=
github.com/aws/aws-sdk-go-v2/internal/endpoints/v2 v2.0.0/go.mod h1:anlUzBoEWglcUxUQwZA7HQOEVEnQALVZsizAapB2hq8=
github.com/aws/aws-sdk-go-v2/internal/ini v1.3.0 h1:c10Z7fWxtJCoyc8rv06jdh9xrKnu7bAJiRaKWvTb2mU=
github.com/aws/aws-sdk-go-v2/internal/ini v1.3.0/go.mod h1:6oXGy4GLpypD3uCh8wcqztigGgmhLToMfjavgh+VySg=
github.com/aws/aws-sdk-go-v2/service/internal/accept-encoding v1.5.0 h1:lPLbw4Gn59uoKqvOfSnkJr54XWk5Ak1NK20ZEiSWb3U=
github.com/aws/aws-sdk-go-v2/service/internal/accept-encoding v1.5.0/go.mod h1:80NaCIH9YU3rzTTs/J/ECATjXuRqzo/wB6ukO6MZ0XY=
github.com/aws/aws-sdk-go-v2/service/internal/presigned-url v1.5.0 h1:qGZWS/WgiFY+Zgad2u0gwBHpJxz6Ne401JE7iQI1nKs=
github.com/aws/aws-sdk-go-v2/service/internal/presigned-url v1.5.0/go.mod h1:Mq6AEc+oEjCUlBuLiK5YwW4shSOAKCQ3tXN0sQeYoBA=
github.com/aws/aws-sdk-go-v2/service/internal/s3shared v1.9.0 h1:0BOlTqnNnrEO04oYKzDxMMe68t107pmIotn18HtVonY=
github.com/aws/aws-sdk-go-v2/service/internal/s3shared v1.9.0/go.mod h1:xKCZ4YFSF2s4Hnb/J0TLeOsKuGzICzcElaOKNGrVnx4=
github.com/aws/aws-sdk-go-v2/service/s3 v1.19.0 h1:5mRAms4TjSTOGYsqKYte5kHr1PzpMJSyLThjF3J+hw0=
github.com/aws/aws-sdk-go-v2/service/s3 v1.19.0/go.mod h1:Gwz3aVctJe6mUY9T//bcALArPUaFmNAy2rTB9qN4No8=
github.com/aws/aws-sdk-go-v2/service/sso v1.6.0 h1:JDgKIUZOmLFu/Rv6zXLrVTWCmzA0jcTdvsT8iFIKrAI=
github.com/aws/aws-sdk-go-v2/service/sso v1.6.0/go.mod h1:Q/l0ON1annSU+mc0JybDy1Gy6dnJxIcWjphO6qJPzvM=
github.com/aws/aws-sdk-go-v2/service/sts v1.10.0 h1:1jh8J+JjYRp+QWKOsaZt7rGUgoyrqiiVwIm+w0ymeUw=
github.com/aws/aws-sdk-go-v2/service/sts v1.10.0/go.mod h1:jLKCFqS+1T4i7HDqCP9GM4Uk75YW1cS0o82LdxpMyOE=
github.com/aws/smithy-go v1.9.0 h1:c7FUdEqrQA1/UVKKCNDFQPNKGp4FQg3YW4Ck5SLTG58=
github.com/aws/smithy-go v1.9.0/go.mod h1:SObp3lf9smib00L/v3U2eAKG8FyQ7iLrJnQiAmR5n+E=
github.com/cenkalti/backoff/v4 v4.0.0/go.mod h1:eEew/i+1Q6OrCDZh3WiXYv3+nJwBASZ8Bog/87DQnVg=
github.com/cenkalti/backoff/v4 v4.1.2 h1:6Yo7N8UP2K6LWZnW94DLVSSrbobcWdVzAYOisuDPIFo=
github.com/cenkalti/backoff/v4 v4.1.2/go.mod h1:scbssz8iZGpm3xbr14ovlUdkxfGXNInqkPWOWmG2CLw=
github.com/davecgh/go-spew v1.1.0/go.mod h1:J7Y8YcW2NihsgmVo/mv3lAwl/skON4iLHjSsI+c5H38=
github.com/davecgh/go-spew v1.1.1 h1:vj9j/u1bqnvCEfJOwUhtlOARqs3+rkHYY13jYWTU97c=
github.com/davecgh/go-spew v1.1.1/go.mod h1:J7Y8YcW2NihsgmVo/mv3lAwl/skON4iLHjSsI+c5H38=
github.com/emirpasic/gods v1.12.0 h1:QAUIPSaCu4G+POclxeqb3F+WPpdKqFGlw36+yOzGlrg=
github.com/emirpasic/gods v1.12.0/go.mod h1:YfzfFFoVP/catgzJb4IKIqXjX78Ha8FMSDh3ymbK86o=
github.com/gammazero/deque v0.1.0 h1:f9LnNmq66VDeuAlSAapemq/U7hJ2jpIWa4c09q8Dlik=
github.com/gammazero/deque v0.1.0/go.mod h1:KQw7vFau1hHuM8xmI9RbgKFbAsQFWmBpqQ2KenFLk6M=
github.com/gammazero/workerpool v1.1.2 h1:vuioDQbgrz4HoaCi2q1HLlOXdpbap5AET7xu5/qj87g=
github.com/gammazero/workerpool v1.1.2/go.mod h1:UelbXcO0zCIGFcufcirHhq2/xtLXJdQ29qZNlXG9OjQ=
github.com/google/go-cmp v0.5.4/go.mod h1:v8dTdLbMG2kIc/vJvl+f65V22dbkXbowE6jgT/gNBxE=
github.com/google/go-cmp v0.5.6/go.mod h1:v8dTdLbMG2kIc/vJvl+f65V22dbkXbowE6jgT/gNBxE=
github.com/jmespath/go-jmespath v0.4.0/go.mod h1:T8mJZnbsbmF+m6zOOFylbeCJqk5+pHWvzYPziyZiYoo=
github.com/jmespath/go-jmespath/internal/testify v1.5.1/go.mod h1:L3OGu8Wl2/fWfCI6z80xFu9LTZmf1ZRjMHUOPmWr69U=
github.com/kr/pretty v0.1.0/go.mod h1:dAy3ld7l9f0ibDNOQOHHMYYIIbhfbHSm3C4ZsoJORNo=
github.com/kr/pty v1.1.1/go.mod h1:pFQYn66WHrOpPYNljwOMqo10TkYh1fy3cYio2l3bCsQ=
github.com/kr/text v0.1.0/go.mod h1:4Jbv+DJW3UT/LiOwJeYQe1efqtUx/iVham/4vfdArNI=
github.com/pmezard/go-difflib v1.0.0 h1:4DBwDE0NGyQoBHbLQYPwSUPoCMWR5BEzIk/f1lZbAQM=
github.com/pmezard/go-difflib v1.0.0/go.mod h1:iKH77koFhYxTK1pcRnkKkqfTogsbg7gZNVY4sRDYZ/4=
github.com/reactivex/rxgo/v2 v2.5.0 h1:FhPgHwX9vKdNQB2gq9EPt+EKk9QrrzoeztGbEEnZam4=
github.com/reactivex/rxgo/v2 v2.5.0/go.mod h1:bs4fVZxcb5ZckLIOeIeVH942yunJLWDABWGbrHAW+qU=
github.com/stretchr/objx v0.1.0/go.mod h1:HFkY916IF+rwdDfMAkV7OtwuqBVzrE8GR6GFx+wExME=
github.com/stretchr/objx v0.3.0 h1:NGXK3lHquSN08v5vWalVI/L8XU9hdzE/G6xsrze47As=
github.com/stretchr/objx v0.3.0/go.mod h1:qt09Ya8vawLte6SNmTgCsAVtYtaKzEcn8ATUoHMkEqE=
github.com/stretchr/testify v1.3.0/go.mod h1:M5WIy9Dh21IEIfnGCwXGc5bZfKNJtfHm1UVUgZn+9EI=
github.com/stretchr/testify v1.4.0/go.mod h1:j7eGeouHqKxXV5pUuKE4zz7dFj8WfuZ+81PSLYec5m4=
github.com/stretchr/testify v1.7.0 h1:nwc3DEeHmmLAfoZucVR881uASk0Mfjw8xYJ99tb5CcY=
github.com/stretchr/testify v1.7.0/go.mod h1:6Fq8oRcR53rry900zMqJjRRixrwX3KX962/h/Wwjteg=
github.com/teivah/onecontext v0.0.0-20200513185103-40f981bfd775/go.mod h1:XUZ4x3oGhWfiOnUvTslnKKs39AWUct3g3yJvXTQSJOQ=
github.com/teivah/onecontext v1.3.0 h1:tbikMhAlo6VhAuEGCvhc8HlTnpX4xTNPTOseWuhO1J0=
github.com/teivah/onecontext v1.3.0/go.mod h1:hoW1nmdPVK/0jrvGtcx8sCKYs2PiS4z0zzfdeuEVyb0=
go.uber.org/goleak v1.1.10/go.mod h1:8a7PlsEVH3e/a/GLqe5IIrQx6GzcnRmZEufDUTk4A7A=
golang.org/x/crypto v0.0.0-20190308221718-c2843e01d9a2/go.mod h1:djNgcEr1/C05ACkg1iLfiJU5Ep61QUkGW8qpdssI0+w=
golang.org/x/lint v0.0.0-20190930215403-16217165b5de/go.mod h1:6SW0HCj/g11FgYtHlgUYUwCkIfeOF89ocIRzGO/8vkc=
golang.org/x/net v0.0.0-20190311183353-d8887717615a/go.mod h1:t9HGtf8HONx5eT2rtn7q6eTqICYqUVnKs3thJo3Qplg=
golang.org/x/net v0.0.0-20190620200207-3b0461eec859/go.mod h1:z5CRVTTTmAJ677TzLLGU+0bjPO0LkuOLi4/5GtJWs/s=
golang.org/x/sync v0.0.0-20190423024810-112230192c58/go.mod h1:RxMgew5VJxzue5/jJTE5uejpjVlOe/izrB70Jof72aM=
golang.org/x/sync v0.0.0-20190911185100-cd5d95a43a6e/go.mod h1:RxMgew5VJxzue5/jJTE5uejpjVlOe/izrB70Jof72aM=
golang.org/x/sys v0.0.0-20190215142949-d0b11bdaac8a/go.mod h1:STP8DvDyc/dI5b8T5hshtkjS+E42TnysNCUPdjciGhY=
golang.org/x/text v0.3.0/go.mod h1:NqM8EUOU14njkJ3fqMW+pc6Ldnwhi/IjpwHt7yyuwOQ=
golang.org/x/tools v0.0.0-20190311212946-11955173bddd/go.mod h1:LCzVGOaR6xXOjkQ3onu1FJEFr0SW1gC7cKk1uF8kGRs=
golang.org/x/tools v0.0.0-20191108193012-7d206e10da11/go.mod h1:b+2E5dAYhXwXZwtnZ6UAqBI28+e2cm9otk0dWdXHAEo=
golang.org/x/xerrors v0.0.0-20190717185122-a985d3407aa7/go.mod h1:I/5z698sn9Ka8TeJc9MKroUUfqBBauWjQqLJ2OPfmY0=
golang.org/x/xerrors v0.0.0-20191204190536-9bdfabe68543/go.mod h1:I/5z698sn9Ka8TeJc9MKroUUfqBBauWjQqLJ2OPfmY0=
gopkg.in/check.v1 v0.0.0-20161208181325-20d25e280405/go.mod h1:Co6ibVJAznAaIkqp8huTwlJQCZ016jof/cbN4VW5Yz0=
gopkg.in/check.v1 v1.0.0-20180628173108-788fd7840127/go.mod h1:Co6ibVJAznAaIkqp8huTwlJQCZ016jof/cbN4VW5Yz0=
gopkg.in/yaml.v2 v2.2.2/go.mod h1:hI93XBmqTisBFMUTm0b8Fm+jr3Dg1NNxqwp+5A1VGuI=
gopkg.in/yaml.v2 v2.2.8/go.mod h1:hI93XBmqTisBFMUTm0b8Fm+jr3Dg1NNxqwp+5A1VGuI=
gopkg.in/yaml.v2 v2.4.0 h1:D8xgwECY7CYvx+Y2n4sBz93Jn9JRvxdiyyo8CTfuKaY=
gopkg.in/yaml.v2 v2.4.0/go.mod h1:RDklbk79AGWmwhnvt/jBztapEOGDOx6ZbXqjP6csGnQ=
gopkg.in/yaml.v3 v3.0.0-20200313102051-9f266ea9e77c/go.mod h1:K4uyk7z7BCEPqu6E+C64Yfv1cQ7kz7rIZviUmN+EgEM=
gopkg.in/yaml.v3 v3.0.0-20210107192922-496545a6307b h1:h8qDotaEPuJATrMmW04NCwg7v22aHH28wwpauUhK9Oo=
gopkg.in/yaml.v3 v3.0.0-20210107192922-496545a6307b/go.mod h1:K4uyk7z7BCEPqu6E+C64Yfv1cQ7kz7rIZviUmN+EgEM=
